
Microsoft Visual Studio Solution File, Format Version 12.00
# Visual Studio Version 17
VisualStudioVersion = 17.11.35312.102
MinimumVisualStudioVersion = 10.0.40219.1
Project("{FAE04EC0-301F-11D3-BF4B-00C04F79EFBC}") = "Calculator", "Calculator\Calculator.csproj", "{615E618F-68B9-4027-BB50-E30822AF530A}"
EndProject
Global
	GlobalSection(SolutionConfigurationPlatforms) = preSolution
		Debug|Any CPU = Debug|Any CPU
		Release|Any CPU = Release|Any CPU
	EndGlobalSection
	GlobalSection(ProjectConfigurationPlatforms) = postSolution
		{615E618F-68B9-4027-BB50-E30822AF530A}.Debug|Any CPU.ActiveCfg = Debug|Any CPU
		{615E618F-68B9-4027-BB50-E30822AF530A}.Debug|Any CPU.Build.0 = Debug|Any CPU
		{615E618F-68B9-4027-BB50-E30822AF530A}.Release|Any CPU.ActiveCfg = Release|Any CPU
		{615E618F-68B9-4027-BB50-E30822AF530A}.Release|Any CPU.Build.0 = Release|Any CPU
	EndGlobalSection
	GlobalSection(SolutionProperties) = preSolution
		HideSolutionNode = FALSE
	EndGlobalSection
	GlobalSection(ExtensibilityGlobals) = postSolution
		SolutionGuid = {979D4B7E-D0DA-45E5-A018-2712F1866D25}
	EndGlobalSection
EndGlobal
